
Microsoft Visual Studio Solution File, Format Version 12.00
# Visual Studio Version 16
VisualStudioVersion = 16.0.30611.23
MinimumVisualStudioVersion = 10.0.40219.1
Project("{FAE04EC0-301F-11D3-BF4B-00C04F79EFBC}") = "ImportTestingCore2.1.1", "ImportTestingCore2.1.1\ImportTestingCore2.1.1.csproj", "{6E11DE90-2B92-4CA2-8060-DD9B6AD1AA1F}"
EndProject
Global
	GlobalSection(SolutionConfigurationPlatforms) = preSolution
		Debug|Any CPU = Debug|Any CPU
		Release|Any CPU = Release|Any CPU
	EndGlobalSection
	GlobalSection(ProjectConfigurationPlatforms) = postSolution
		{6E11DE90-2B92-4CA2-8060-DD9B6AD1AA1F}.Debug|Any CPU.ActiveCfg = Debug|Any CPU
		{6E11DE90-2B92-4CA2-8060-DD9B6AD1AA1F}.Debug|Any CPU.Build.0 = Debug|Any CPU
		{6E11DE90-2B92-4CA2-8060-DD9B6AD1AA1F}.Release|Any CPU.ActiveCfg = Release|Any CPU
		{6E11DE90-2B92-4CA2-8060-DD9B6AD1AA1F}.Release|Any CPU.Build.0 = Release|Any CPU
	EndGlobalSection
	GlobalSection(SolutionProperties) = preSolution
		HideSolutionNode = FALSE
	EndGlobalSection
	GlobalSection(ExtensibilityGlobals) = postSolution
		SolutionGuid = {99298362-596D-4B68-AE64-F88F12642006}
	EndGlobalSection
EndGlobal
